
Microsoft Visual Studio Solution File, Format Version 12.00
# Visual Studio Version 16
VisualStudioVersion = 16.0.30002.166
MinimumVisualStudioVersion = 10.0.40219.1
Project("{FAE04EC0-301F-11D3-BF4B-00C04F79EFBC}") = "Fss.Graph.Demo.Library", "Fss.Graph.Demo.Library\Fss.Graph.Demo.Library.csproj", "{BAD856CD-7752-4CAC-945C-9C5F50BFB7EF}"
EndProject
Project("{FAE04EC0-301F-11D3-BF4B-00C04F79EFBC}") = "Fss.Graph.Demo.App01", "Fss.Graph.Demo.App01\Fss.Graph.Demo.App01.csproj", "{88079E6C-7101-4851-B6BB-CA90E84D2AA3}"
EndProject
Global
	GlobalSection(SolutionConfigurationPlatforms) = preSolution
		Debug|Any CPU = Debug|Any CPU
		Release|Any CPU = Release|Any CPU
	EndGlobalSection
	GlobalSection(ProjectConfigurationPlatforms) = postSolution
		{BAD856CD-7752-4CAC-945C-9C5F50BFB7EF}.Debug|Any CPU.ActiveCfg = Debug|Any CPU
		{BAD856CD-7752-4CAC-945C-9C5F50BFB7EF}.Debug|Any CPU.Build.0 = Debug|Any CPU
		{BAD856CD-7752-4CAC-945C-9C5F50BFB7EF}.Release|Any CPU.ActiveCfg = Release|Any CPU
		{BAD856CD-7752-4CAC-945C-9C5F50BFB7EF}.Release|Any CPU.Build.0 = Release|Any CPU
		{88079E6C-7101-4851-B6BB-CA90E84D2AA3}.Debug|Any CPU.ActiveCfg = Debug|Any CPU
		{88079E6C-7101-4851-B6BB-CA90E84D2AA3}.Debug|Any CPU.Build.0 = Debug|Any CPU
		{88079E6C-7101-4851-B6BB-CA90E84D2AA3}.Release|Any CPU.ActiveCfg = Release|Any CPU
		{88079E6C-7101-4851-B6BB-CA90E84D2AA3}.Release|Any CPU.Build.0 = Release|Any CPU
	EndGlobalSection
	GlobalSection(SolutionProperties) = preSolution
		HideSolutionNode = FALSE
	EndGlobalSection
	GlobalSection(ExtensibilityGlobals) = postSolution
		SolutionGuid = {847665FD-BBE4-453A-995D-F2FEFDF4796F}
	EndGlobalSection
EndGlobal
